Microsoft Visual Studio Solution File, Format Version 12.00
# Visual Studio Version 17
VisualStudioVersion = 17.5.2.0
MinimumVisualStudioVersion = 10.0.40219.1
Project("{2150E333-8FDC-42A3-9474-1A3956D46DE8}") = "src", "src", "{827E0CD3-B72D-47B6-A68D-7590B98EB39B}"
EndProject
Project("{FAE04EC0-301F-11D3-BF4B-00C04F79EFBC}") = "myfiance-web-dotnet-o8", "src\myfiance-web-dotnet-o8\myfiance-web-dotnet-o8.csproj", "{1DFAA6B6-BC31-E61C-71A7-292AD2ABAED8}"
EndProject
Global
	GlobalSection(SolutionConfigurationPlatforms) = preSolution
		Debug|Any CPU = Debug|Any CPU
		Release|Any CPU = Release|Any CPU
	EndGlobalSection
	GlobalSection(ProjectConfigurationPlatforms) = postSolution
		{1DFAA6B6-BC31-E61C-71A7-292AD2ABAED8}.Debug|Any CPU.ActiveCfg = Debug|Any CPU
		{1DFAA6B6-BC31-E61C-71A7-292AD2ABAED8}.Debug|Any CPU.Build.0 = Debug|Any CPU
		{1DFAA6B6-BC31-E61C-71A7-292AD2ABAED8}.Release|Any CPU.ActiveCfg = Release|Any CPU
		{1DFAA6B6-BC31-E61C-71A7-292AD2ABAED8}.Release|Any CPU.Build.0 = Release|Any CPU
	EndGlobalSection
	GlobalSection(SolutionProperties) = preSolution
		HideSolutionNode = FALSE
	EndGlobalSection
	GlobalSection(NestedProjects) = preSolution
		{1DFAA6B6-BC31-E61C-71A7-292AD2ABAED8} = {827E0CD3-B72D-47B6-A68D-7590B98EB39B}
	EndGlobalSection
	GlobalSection(ExtensibilityGlobals) = postSolution
		SolutionGuid = {F40D03F6-DFBE-47F3-91DC-97F16A82194E}
	EndGlobalSection
EndGlobal
